// !$*UTF8*$!
{
	archiveVersion = 1;
	classes = {
	};
	objectVersion = 56;
	objects = {

/* Begin PBXBuildFile section */
		99B141CC2B3B2AA200B9C82E /* lanchitaApp.swift in Sources */ = {isa = PBXBuildFile; fileRef = 99B141CB2B3B2AA200B9C82E /* lanchitaApp.swift */; };
		99B141CE2B3B2AA200B9C82E /* ContentView.swift in Sources */ = {isa = PBXBuildFile; fileRef = 99B141CD2B3B2AA200B9C82E /* ContentView.swift */; };
		99B141D02B3B2AA400B9C82E /* Assets.xcassets in Resources */ = {isa = PBXBuildFile; fileRef = 99B141CF2B3B2AA400B9C82E /* Assets.xcassets */; };
		99B141D42B3B2AA400B9C82E /* Preview Assets.xcassets in Resources */ = {isa = PBXBuildFile; fileRef = 99B141D32B3B2AA400B9C82E /* Preview Assets.xcassets */; };
		99B141DE2B3B2AA400B9C82E /* lanchitaTests.swift in Sources */ = {isa = PBXBuildFile; fileRef = 99B141DD2B3B2AA400B9C82E /* lanchitaTests.swift */; };
		99B141E82B3B2AA400B9C82E /* lanchitaUITests.swift in Sources */ = {isa = PBXBuildFile; fileRef = 99B141E72B3B2AA400B9C82E /* lanchitaUITests.swift */; };
		99B141EA2B3B2AA400B9C82E /* lanchitaUITestsLaunchTests.swift in Sources */ = {isa = PBXBuildFile; fileRef = 99B141E92B3B2AA400B9C82E /* lanchitaUITestsLaunchTests.swift */; };
/* End PBXBuildFile section */

/* Begin PBXContainerItemProxy section */
		99B141DA2B3B2AA400B9C82E /* PBXContainerItemProxy */ = {
			isa = PBXContainerItemProxy;
			containerPortal = 99B141C02B3B2AA200B9C82E /* Project object */;
			proxyType = 1;
			remoteGlobalIDString = 99B141C72B3B2AA200B9C82E;
			remoteInfo = lanchita;
		};
		99B141E42B3B2AA400B9C82E /* PBXContainerItemProxy */ = {
			isa = PBXContainerItemProxy;
			containerPortal = 99B141C02B3B2AA200B9C82E /* Project object */;
			proxyType = 1;
			remoteGlobalIDString = 99B141C72B3B2AA200B9C82E;
			remoteInfo = lanchita;
		};
/* End PBXContainerItemProxy section */

/* Begin PBXFileReference section */
		99B141C82B3B2AA200B9C82E /* lanchita.app */ = {isa = PBXFileReference; explicitFileType = wrapper.application; includeInIndex = 0; path = lanchita.app; sourceTree = BUILT_PRODUCTS_DIR; };
		99B141CB2B3B2AA200B9C82E /* lanchitaApp.swift */ = {isa = PBXFileReference; lastKnownFileType = sourcecode.swift; path = lanchitaApp.swift; sourceTree = "<group>"; };
		99B141CD2B3B2AA200B9C82E /* ContentView.swift */ = {isa = PBXFileReference; lastKnownFileType = sourcecode.swift; path = ContentView.swift; sourceTree = "<group>"; };
		99B141CF2B3B2AA400B9C82E /* Assets.xcassets */ = {isa = PBXFileReference; lastKnownFileType = folder.assetcatalog; path = Assets.xcassets; sourceTree = "<group>"; };
		99B141D12B3B2AA400B9C82E /* lanchita.entitlements */ = {isa = PBXFileReference; lastKnownFileType = text.plist.entitlements; path = lanchita.entitlements; sourceTree = "<group>"; };
		99B141D32B3B2AA400B9C82E /* Preview Assets.xcassets */ = {isa = PBXFileReference; lastKnownFileType = folder.assetcatalog; path = "Preview Assets.xcassets"; sourceTree = "<group>"; };
		99B141D92B3B2AA400B9C82E /* lanchitaTests.xctest */ = {isa = PBXFileReference; explicitFileType = wrapper.cfbundle; includeInIndex = 0; path = lanchitaTests.xctest; sourceTree = BUILT_PRODUCTS_DIR; };
		99B141DD2B3B2AA400B9C82E /* lanchitaTests.swift */ = {isa = PBXFileReference; lastKnownFileType = sourcecode.swift; path = lanchitaTests.swift; sourceTree = "<group>"; };
		99B141E32B3B2AA400B9C82E /* lanchitaUITests.xctest */ = {isa = PBXFileReference; explicitFileType = wrapper.cfbundle; includeInIndex = 0; path = lanchitaUITests.xctest; sourceTree = BUILT_PRODUCTS_DIR; };
		99B141E72B3B2AA400B9C82E /* lanchitaUITests.swift */ = {isa = PBXFileReference; lastKnownFileType = sourcecode.swift; path = lanchitaUITests.swift; sourceTree = "<group>"; };
		99B141E92B3B2AA400B9C82E /* lanchitaUITestsLaunchTests.swift */ = {isa = PBXFileReference; lastKnownFileType = sourcecode.swift; path = lanchitaUITestsLaunchTests.swift; sourceTree = "<group>"; };
/* End PBXFileReference section */

/* Begin PBXFrameworksBuildPhase section */
		99B141C52B3B2AA200B9C82E /* Frameworks */ = {
			isa = PBXFrameworksBuildPhase;
			buildActionMask = 2147483647;
			files = (
			);
			runOnlyForDeploymentPostprocessing = 0;
		};
		99B141D62B3B2AA400B9C82E /* Frameworks */ = {
			isa = PBXFrameworksBuildPhase;
			buildActionMask = 2147483647;
			files = (
			);
			runOnlyForDeploymentPostprocessing = 0;
		};
		99B141E02B3B2AA400B9C82E /* Frameworks */ = {
			isa = PBXFrameworksBuildPhase;
			buildActionMask = 2147483647;
			files = (
			);
			runOnlyForDeploymentPostprocessing = 0;
		};
/* End PBXFrameworksBuildPhase section */

/* Begin PBXGroup section */
		99B141BF2B3B2AA200B9C82E = {
			isa = PBXGroup;
			children = (
				99B141CA2B3B2AA200B9C82E /* lanchita */,
				99B141DC2B3B2AA400B9C82E /* lanchitaTests */,
				99B141E62B3B2AA400B9C82E /* lanchitaUITests */,
				99B141C92B3B2AA200B9C82E /* Products */,
			);
			sourceTree = "<group>";
		};
		99B141C92B3B2AA200B9C82E /* Products */ = {
			isa = PBXGroup;
			children = (
				99B141C82B3B2AA200B9C82E /* lanchita.app */,
				99B141D92B3B2AA400B9C82E /* lanchitaTests.xctest */,
				99B141E32B3B2AA400B9C82E /* lanchitaUITests.xctest */,
			);
			name = Products;
			sourceTree = "<group>";
		};
		99B141CA2B3B2AA200B9C82E /* lanchita */ = {
			isa = PBXGroup;
			children = (
				99B141CB2B3B2AA200B9C82E /* lanchitaApp.swift */,
				99B141CD2B3B2AA200B9C82E /* ContentView.swift */,
				99B141CF2B3B2AA400B9C82E /* Assets.xcassets */,
				99B141D12B3B2AA400B9C82E /* lanchita.entitlements */,
				99B141D22B3B2AA400B9C82E /* Preview Content */,
			);
			path = lanchita;
			sourceTree = "<group>";
		};
		99B141D22B3B2AA400B9C82E /* Preview Content */ = {
			isa = PBXGroup;
			children = (
				99B141D32B3B2AA400B9C82E /* Preview Assets.xcassets */,
			);
			path = "Preview Content";
			sourceTree = "<group>";
		};
		99B141DC2B3B2AA400B9C82E /* lanchitaTests */ = {
			isa = PBXGroup;
			children = (
				99B141DD2B3B2AA400B9C82E /* lanchitaTests.swift */,
			);
			path = lanchitaTests;
			sourceTree = "<group>";
		};
		99B141E62B3B2AA400B9C82E /* lanchitaUITests */ = {
			isa = PBXGroup;
			children = (
				99B141E72B3B2AA400B9C82E /* lanchitaUITests.swift */,
				99B141E92B3B2AA400B9C82E /* lanchitaUITestsLaunchTests.swift */,
			);
			path = lanchitaUITests;
			sourceTree = "<group>";
		};
/* End PBXGroup section */

/* Begin PBXNativeTarget section */
		99B141C72B3B2AA200B9C82E /* lanchita */ = {
			isa = PBXNativeTarget;
			buildConfigurationList = 99B141ED2B3B2AA400B9C82E /* Build configuration list for PBXNativeTarget "lanchita" */;
			buildPhases = (
				99B141C42B3B2AA200B9C82E /* Sources */,
				99B141C52B3B2AA200B9C82E /* Frameworks */,
				99B141C62B3B2AA200B9C82E /* Resources */,
			);
			buildRules = (
			);
			dependencies = (
			);
			name = lanchita;
			productName = lanchita;
			productReference = 99B141C82B3B2AA200B9C82E /* lanchita.app */;
			productType = "com.apple.product-type.application";
		};
		99B141D82B3B2AA400B9C82E /* lanchitaTests */ = {
			isa = PBXNativeTarget;
			buildConfigurationList = 99B141F02B3B2AA400B9C82E /* Build configuration list for PBXNativeTarget "lanchitaTests" */;
			buildPhases = (
				99B141D52B3B2AA400B9C82E /* Sources */,
				99B141D62B3B2AA400B9C82E /* Frameworks */,
				99B141D72B3B2AA400B9C82E /* Resources */,
			);
			buildRules = (
			);
			dependencies = (
				99B141DB2B3B2AA400B9C82E /* PBXTargetDependency */,
			);
			name = lanchitaTests;
			productName = lanchitaTests;
			productReference = 99B141D92B3B2AA400B9C82E /* lanchitaTests.xctest */;
			productType = "com.apple.product-type.bundle.unit-test";
		};
		99B141E22B3B2AA400B9C82E /* lanchitaUITests */ = {
			isa = PBXNativeTarget;
			buildConfigurationList = 99B141F32B3B2AA400B9C82E /* Build configuration list for PBXNativeTarget "lanchitaUITests" */;
			buildPhases = (
				99B141DF2B3B2AA400B9C82E /* Sources */,
				99B141E02B3B2AA400B9C82E /* Frameworks */,
				99B141E12B3B2AA400B9C82E /* Resources */,
			);
			buildRules = (
			);
			dependencies = (
				99B141E52B3B2AA400B9C82E /* PBXTargetDependency */,
			);
			name = lanchitaUITests;
			productName = lanchitaUITests;
			productReference = 99B141E32B3B2AA400B9C82E /* lanchitaUITests.xctest */;
			productType = "com.apple.product-type.bundle.ui-testing";
		};
/* End PBXNativeTarget section */

/* Begin PBXProject section */
		99B141C02B3B2AA200B9C82E /* Project object */ = {
			isa = PBXProject;
			attributes = {
				BuildIndependentTargetsInParallel = 1;
				LastSwiftUpdateCheck = 1500;
				LastUpgradeCheck = 1500;
				TargetAttributes = {
					99B141C72B3B2AA200B9C82E = {
						CreatedOnToolsVersion = 15.0.1;
					};
					99B141D82B3B2AA400B9C82E = {
						CreatedOnToolsVersion = 15.0.1;
						TestTargetID = 99B141C72B3B2AA200B9C82E;
					};
					99B141E22B3B2AA400B9C82E = {
						CreatedOnToolsVersion = 15.0.1;
						TestTargetID = 99B141C72B3B2AA200B9C82E;
					};
				};
			};
			buildConfigurationList = 99B141C32B3B2AA200B9C82E /* Build configuration list for PBXProject "lanchita" */;
			compatibilityVersion = "Xcode 14.0";
			developmentRegion = en;
			hasScannedForEncodings = 0;
			knownRegions = (
				en,
				Base,
			);
			mainGroup = 99B141BF2B3B2AA200B9C82E;
			productRefGroup = 99B141C92B3B2AA200B9C82E /* Products */;
			projectDirPath = "";
			projectRoot = "";
			targets = (
				99B141C72B3B2AA200B9C82E /* lanchita */,
				99B141D82B3B2AA400B9C82E /* lanchitaTests */,
				99B141E22B3B2AA400B9C82E /* lanchitaUITests */,
			);
		};
/* End PBXProject section */

/* Begin PBXResourcesBuildPhase section */
		99B141C62B3B2AA200B9C82E /* Resources */ = {
			isa = PBXResourcesBuildPhase;
			buildActionMask = 2147483647;
			files = (
				99B141D42B3B2AA400B9C82E /* Preview Assets.xcassets in Resources */,
				99B141D02B3B2AA400B9C82E /* Assets.xcassets in Resources */,
			);
			runOnlyForDeploymentPostprocessing = 0;
		};
		99B141D72B3B2AA400B9C82E /* Resources */ = {
			isa = PBXResourcesBuildPhase;
			buildActionMask = 2147483647;
			files = (
			);
			runOnlyForDeploymentPostprocessing = 0;
		};
		99B141E12B3B2AA400B9C82E /* Resources */ = {
			isa = PBXResourcesBuildPhase;
			buildActionMask = 2147483647;
			files = (
			);
			runOnlyForDeploymentPostprocessing = 0;
		};
/* End PBXResourcesBuildPhase section */

/* Begin PBXSourcesBuildPhase section */
		99B141C42B3B2AA200B9C82E /* Sources */ = {
			isa = PBXSourcesBuildPhase;
			buildActionMask = 2147483647;
			files = (
				99B141CE2B3B2AA200B9C82E /* ContentView.swift in Sources */,
				99B141CC2B3B2AA200B9C82E /* lanchitaApp.swift in Sources */,
			);
			runOnlyForDeploymentPostprocessing = 0;
		};
		99B141D52B3B2AA400B9C82E /* Sources */ = {
			isa = PBXSourcesBuildPhase;
			buildActionMask = 2147483647;
			files = (
				99B141DE2B3B2AA400B9C82E /* lanchitaTests.swift in Sources */,
			);
			runOnlyForDeploymentPostprocessing = 0;
		};
		99B141DF2B3B2AA400B9C82E /* Sources */ = {
			isa = PBXSourcesBuildPhase;
			buildActionMask = 2147483647;
			files = (
				99B141EA2B3B2AA400B9C82E /* lanchitaUITestsLaunchTests.swift in Sources */,
				99B141E82B3B2AA400B9C82E /* lanchitaUITests.swift in Sources */,
			);
			runOnlyForDeploymentPostprocessing = 0;
		};
/* End PBXSourcesBuildPhase section */

/* Begin PBXTargetDependency section */
		99B141DB2B3B2AA400B9C82E /* PBXTargetDependency */ = {
			isa = PBXTargetDependency;
			target = 99B141C72B3B2AA200B9C82E /* lanchita */;
			targetProxy = 99B141DA2B3B2AA400B9C82E /* PBXContainerItemProxy */;
		};
		99B141E52B3B2AA400B9C82E /* PBXTargetDependency */ = {
			isa = PBXTargetDependency;
			target = 99B141C72B3B2AA200B9C82E /* lanchita */;
			targetProxy = 99B141E42B3B2AA400B9C82E /* PBXContainerItemProxy */;
		};
/* End PBXTargetDependency section */

/* Begin XCBuildConfiguration section */
		99B141EB2B3B2AA400B9C82E /* Debug */ = {
			isa = XCBuildConfiguration;
			buildSettings = {
				ALWAYS_SEARCH_USER_PATHS = NO;
				ASSETCATALOG_COMPILER_GENERATE_SWIFT_ASSET_SYMBOL_EXTENSIONS = YES;
				CLANG_ANALYZER_NONNULL = YES;
				CLANG_ANALYZER_NUMBER_OBJECT_CONVERSION = YES_AGGRESSIVE;
				CLANG_CXX_LANGUAGE_STANDARD = "gnu++20";
				CLANG_ENABLE_MODULES = YES;
				CLANG_ENABLE_OBJC_ARC = YES;
				CLANG_ENABLE_OBJC_WEAK = YES;
				CLANG_WARN_BLOCK_CAPTURE_AUTORELEASING = YES;
				CLANG_WARN_BOOL_CONVERSION = YES;
				CLANG_WARN_COMMA = YES;
				CLANG_WARN_CONSTANT_CONVERSION = YES;
				CLANG_WARN_DEPRECATED_OBJC_IMPLEMENTATIONS = YES;
				CLANG_WARN_DIRECT_OBJC_ISA_USAGE = YES_ERROR;
				CLANG_WARN_DOCUMENTATION_COMMENTS = YES;
				CLANG_WARN_EMPTY_BODY = YES;
				CLANG_WARN_ENUM_CONVERSION = YES;
				CLANG_WARN_INFINITE_RECURSION = YES;
				CLANG_WARN_INT_CONVERSION = YES;
				CLANG_WARN_NON_LITERAL_NULL_CONVERSION = YES;
				CLANG_WARN_OBJC_IMPLICIT_RETAIN_SELF = YES;
				CLANG_WARN_OBJC_LITERAL_CONVERSION = YES;
				CLANG_WARN_OBJC_ROOT_CLASS = YES_ERROR;
				CLANG_WARN_QUOTED_INCLUDE_IN_FRAMEWORK_HEADER = YES;
				CLANG_WARN_RANGE_LOOP_ANALYSIS = YES;
				CLANG_WARN_STRICT_PROTOTYPES = YES;
				CLANG_WARN_SUSPICIOUS_MOVE = YES;
				CLANG_WARN_UNGUARDED_AVAILABILITY = YES_AGGRESSIVE;
				CLANG_WARN_UNREACHABLE_CODE = YES;
				CLANG_WARN__DUPLICATE_METHOD_MATCH = YES;
				COPY_PHASE_STRIP = NO;
				DEBUG_INFORMATION_FORMAT = dwarf;
				ENABLE_STRICT_OBJC_MSGSEND = YES;
				ENABLE_TESTABILITY = YES;
				ENABLE_USER_SCRIPT_SANDBOXING = YES;
				GCC_C_LANGUAGE_STANDARD = gnu17;
				GCC_DYNAMIC_NO_PIC = NO;
				GCC_NO_COMMON_BLOCKS = YES;
				GCC_OPTIMIZATION_LEVEL = 0;
				GCC_PREPROCESSOR_DEFINITIONS = (
					"DEBUG=1",
					"$(inherited)",
				);
				GCC_WARN_64_TO_32_BIT_CONVERSION = YES;
				GCC_WARN_ABOUT_RETURN_TYPE = YES_ERROR;
				GCC_WARN_UNDECLARED_SELECTOR = YES;
				GCC_WARN_UNINITIALIZED_AUTOS = YES_AGGRESSIVE;
				GCC_WARN_UNUSED_FUNCTION = YES;
				GCC_WARN_UNUSED_VARIABLE = YES;
				LOCALIZATION_PREFERS_STRING_CATALOGS = YES;
				MTL_ENABLE_DEBUG_INFO = INCLUDE_SOURCE;
				MTL_FAST_MATH = YES;
				ONLY_ACTIVE_ARCH = YES;
				SWIFT_ACTIVE_COMPILATION_CONDITIONS = "DEBUG $(inherited)";
				SWIFT_OPTIMIZATION_LEVEL = "-Onone";
			};
			name = Debug;
		};
		99B141EC2B3B2AA400B9C82E /* Release */ = {
			isa = XCBuildConfiguration;
			buildSettings = {
				ALWAYS_SEARCH_USER_PATHS = NO;
				ASSETCATALOG_COMPILER_GENERATE_SWIFT_ASSET_SYMBOL_EXTENSIONS = YES;
				CLANG_ANALYZER_NONNULL = YES;
				CLANG_ANALYZER_NUMBER_OBJECT_CONVERSION = YES_AGGRESSIVE;
				CLANG_CXX_LANGUAGE_STANDARD = "gnu++20";
				CLANG_ENABLE_MODULES = YES;
				CLANG_ENABLE_OBJC_ARC = YES;
				CLANG_ENABLE_OBJC_WEAK = YES;
				CLANG_WARN_BLOCK_CAPTURE_AUTORELEASING = YES;
				CLANG_WARN_BOOL_CONVERSION = YES;
				CLANG_WARN_COMMA = YES;
				CLANG_WARN_CONSTANT_CONVERSION = YES;
				CLANG_WARN_DEPRECATED_OBJC_IMPLEMENTATIONS = YES;
				CLANG_WARN_DIRECT_OBJC_ISA_USAGE = YES_ERROR;
				CLANG_WARN_DOCUMENTATION_COMMENTS = YES;
				CLANG_WARN_EMPTY_BODY = YES;
				CLANG_WARN_ENUM_CONVERSION = YES;
				CLANG_WARN_INFINITE_RECURSION = YES;
				CLANG_WARN_INT_CONVERSION = YES;
				CLANG_WARN_NON_LITERAL_NULL_CONVERSION = YES;
				CLANG_WARN_OBJC_IMPLICIT_RETAIN_SELF = YES;
				CLANG_WARN_OBJC_LITERAL_CONVERSION = YES;
				CLANG_WARN_OBJC_ROOT_CLASS = YES_ERROR;
				CLANG_WARN_QUOTED_INCLUDE_IN_FRAMEWORK_HEADER = YES;
				CLANG_WARN_RANGE_LOOP_ANALYSIS = YES;
				CLANG_WARN_STRICT_PROTOTYPES = YES;
				CLANG_WARN_SUSPICIOUS_MOVE = YES;
				CLANG_WARN_UNGUARDED_AVAILABILITY = YES_AGGRESSIVE;
				CLANG_WARN_UNREACHABLE_CODE = YES;
				CLANG_WARN__DUPLICATE_METHOD_MATCH = YES;
				COPY_PHASE_STRIP = NO;
				DEBUG_INFORMATION_FORMAT = "dwarf-with-dsym";
				ENABLE_NS_ASSERTIONS = NO;
				ENABLE_STRICT_OBJC_MSGSEND = YES;
				ENABLE_USER_SCRIPT_SANDBOXING = YES;
				GCC_C_LANGUAGE_STANDARD = gnu17;
				GCC_NO_COMMON_BLOCKS = YES;
				GCC_WARN_64_TO_32_BIT_CONVERSION = YES;
				GCC_WARN_ABOUT_RETURN_TYPE = YES_ERROR;
				GCC_WARN_UNDECLARED_SELECTOR = YES;
				GCC_WARN_UNINITIALIZED_AUTOS = YES_AGGRESSIVE;
				GCC_WARN_UNUSED_FUNCTION = YES;
				GCC_WARN_UNUSED_VARIABLE = YES;
				LOCALIZATION_PREFERS_STRING_CATALOGS = YES;
				MTL_ENABLE_DEBUG_INFO = NO;
				MTL_FAST_MATH = YES;
				SWIFT_COMPILATION_MODE = wholemodule;
			};
			name = Release;
		};
		99B141EE2B3B2AA400B9C82E /* Debug */ = {
			isa = XCBuildConfiguration;
			buildSettings = {
				ASSETCATALOG_COMPILER_APPICON_NAME = AppIcon;
				ASSETCATALOG_COMPILER_GLOBAL_ACCENT_COLOR_NAME = AccentColor;
				CODE_SIGN_ENTITLEMENTS = lanchita/lanchita.entitlements;
				CODE_SIGN_STYLE = Automatic;
				CURRENT_PROJECT_VERSION = 1;
				DEVELOPMENT_ASSET_PATHS = "\"lanchita/Preview Content\"";
				DEVELOPMENT_TEAM = K3QS9MR4ZU;
				ENABLE_HARDENED_RUNTIME = YES;
				ENABLE_PREVIEWS = YES;
				GENERATE_INFOPLIST_FILE = YES;
				"INFOPLIST_KEY_UIApplicationSceneManifest_Generation[sdk=iphoneos*]" = YES;
				"INFOPLIST_KEY_UIApplicationSceneManifest_Generation[sdk=iphonesimulator*]" = YES;
				"INFOPLIST_KEY_UIApplicationSupportsIndirectInputEvents[sdk=iphoneos*]" = YES;
				"INFOPLIST_KEY_UIApplicationSupportsIndirectInputEvents[sdk=iphonesimulator*]" = YES;
				"INFOPLIST_KEY_UILaunchScreen_Generation[sdk=iphoneos*]" = YES;
				"INFOPLIST_KEY_UILaunchScreen_Generation[sdk=iphonesimulator*]" = YES;
				"INFOPLIST_KEY_UIStatusBarStyle[sdk=iphoneos*]" = UIStatusBarStyleDefault;
				"INFOPLIST_KEY_UIStatusBarStyle[sdk=iphonesimulator*]" = UIStatusBarStyleDefault;
				INFOPLIST_KEY_UISupportedInterfaceOrientations_iPad = "UIInterfaceOrientationPortrait UIInterfaceOrientationPortraitUpsideDown UIInterfaceOrientationLandscapeLeft UIInterfaceOrientationLandscapeRight";
				INFOPLIST_KEY_UISupportedInterfaceOrientations_iPhone = "UIInterfaceOrientationPortrait UIInterfaceOrientationLandscapeLeft UIInterfaceOrientationLandscapeRight";
				IPHONEOS_DEPLOYMENT_TARGET = 17.0;
				LD_RUNPATH_SEARCH_PATHS = "@executable_path/Frameworks";
				"LD_RUNPATH_SEARCH_PATHS[sdk=macosx*]" = "@executable_path/../Frameworks";
				MACOSX_DEPLOYMENT_TARGET = 14.0;
				MARKETING_VERSION = 1.0;
				PRODUCT_BUNDLE_IDENTIFIER = com.fortynine.lanchita;
				PRODUCT_NAME = "$(TARGET_NAME)";
				SDKROOT = auto;
				SUPPORTED_PLATFORMS = "iphoneos iphonesimulator macosx";
				SWIFT_EMIT_LOC_STRINGS = YES;
				SWIFT_VERSION = 5.0;
				TARGETED_DEVICE_FAMILY = "1,2";
			};
			name = Debug;
		};
		99B141EF2B3B2AA400B9C82E /* Release */ = {
			isa = XCBuildConfiguration;
			buildSettings = {
				ASSETCATALOG_COMPILER_APPICON_NAME = AppIcon;
				ASSETCATALOG_COMPILER_GLOBAL_ACCENT_COLOR_NAME = AccentColor;
				CODE_SIGN_ENTITLEMENTS = lanchita/lanchita.entitlements;
				CODE_SIGN_STYLE = Automatic;
				CURRENT_PROJECT_VERSION = 1;
				DEVELOPMENT_ASSET_PATHS = "\"lanchita/Preview Content\"";
				DEVELOPMENT_TEAM = K3QS9MR4ZU;
				ENABLE_HARDENED_RUNTIME = YES;
				ENABLE_PREVIEWS = YES;
				GENERATE_INFOPLIST_FILE = YES;
				"INFOPLIST_KEY_UIApplicationSceneManifest_Generation[sdk=iphoneos*]" = YES;
				"INFOPLIST_KEY_UIApplicationSceneManifest_Generation[sdk=iphonesimulator*]" = YES;
				"INFOPLIST_KEY_UIApplicationSupportsIndirectInputEvents[sdk=iphoneos*]" = YES;
				"INFOPLIST_KEY_UIApplicationSupportsIndirectInputEvents[sdk=iphonesimulator*]" = YES;
				"INFOPLIST_KEY_UILaunchScreen_Generation[sdk=iphoneos*]" = YES;
				"INFOPLIST_KEY_UILaunchScreen_Generation[sdk=iphonesimulator*]" = YES;
				"INFOPLIST_KEY_UIStatusBarStyle[sdk=iphoneos*]" = UIStatusBarStyleDefault;
				"INFOPLIST_KEY_UIStatusBarStyle[sdk=iphonesimulator*]" = UIStatusBarStyleDefault;
				INFOPLIST_KEY_UISupportedInterfaceOrientations_iPad = "UIInterfaceOrientationPortrait UIInterfaceOrientationPortraitUpsideDown UIInterfaceOrientationLandscapeLeft UIInterfaceOrientationLandscapeRight";
				INFOPLIST_KEY_UISupportedInterfaceOrientations_iPhone = "UIInterfaceOrientationPortrait UIInterfaceOrientationLandscapeLeft UIInterfaceOrientationLandscapeRight";
				IPHONEOS_DEPLOYMENT_TARGET = 17.0;
				LD_RUNPATH_SEARCH_PATHS = "@executable_path/Frameworks";
				"LD_RUNPATH_SEARCH_PATHS[sdk=macosx*]" = "@executable_path/../Frameworks";
				MACOSX_DEPLOYMENT_TARGET = 14.0;
				MARKETING_VERSION = 1.0;
				PRODUCT_BUNDLE_IDENTIFIER = com.fortynine.lanchita;
				PRODUCT_NAME = "$(TARGET_NAME)";
				SDKROOT = auto;
				SUPPORTED_PLATFORMS = "iphoneos iphonesimulator macosx";
				SWIFT_EMIT_LOC_STRINGS = YES;
				SWIFT_VERSION = 5.0;
				TARGETED_DEVICE_FAMILY = "1,2";
			};
			name = Release;
		};
		99B141F12B3B2AA400B9C82E /* Debug */ = {
			isa = XCBuildConfiguration;
			buildSettings = {
				ALWAYS_EMBED_SWIFT_STANDARD_LIBRARIES = YES;
				BUNDLE_LOADER = "$(TEST_HOST)";
				CODE_SIGN_STYLE = Automatic;
				CURRENT_PROJECT_VERSION = 1;
				DEVELOPMENT_TEAM = K3QS9MR4ZU;
				GENERATE_INFOPLIST_FILE = YES;
				IPHONEOS_DEPLOYMENT_TARGET = 17.0;
				MACOSX_DEPLOYMENT_TARGET = 14.0;
				MARKETING_VERSION = 1.0;
				PRODUCT_BUNDLE_IDENTIFIER = com.fortynine.lanchitaTests;
				PRODUCT_NAME = "$(TARGET_NAME)";
				SDKROOT = auto;
				SUPPORTED_PLATFORMS = "iphoneos iphonesimulator macosx";
				SWIFT_EMIT_LOC_STRINGS = NO;
				SWIFT_VERSION = 5.0;
				TARGETED_DEVICE_FAMILY = "1,2";
				TEST_HOST = "$(BUILT_PRODUCTS_DIR)/lanchita.app/$(BUNDLE_EXECUTABLE_FOLDER_PATH)/lanchita";
			};
			name = Debug;
		};
		99B141F22B3B2AA400B9C82E /* Release */ = {
			isa = XCBuildConfiguration;
			buildSettings = {
				ALWAYS_EMBED_SWIFT_STANDARD_LIBRARIES = YES;
				BUNDLE_LOADER = "$(TEST_HOST)";
				CODE_SIGN_STYLE = Automatic;
				CURRENT_PROJECT_VERSION = 1;
				DEVELOPMENT_TEAM = K3QS9MR4ZU;
				GENERATE_INFOPLIST_FILE = YES;
				IPHONEOS_DEPLOYMENT_TARGET = 17.0;
				MACOSX_DEPLOYMENT_TARGET = 14.0;
				MARKETING_VERSION = 1.0;
				PRODUCT_BUNDLE_IDENTIFIER = com.fortynine.lanchitaTests;
				PRODUCT_NAME = "$(TARGET_NAME)";
				SDKROOT = auto;
				SUPPORTED_PLATFORMS = "iphoneos iphonesimulator macosx";
				SWIFT_EMIT_LOC_STRINGS = NO;
				SWIFT_VERSION = 5.0;
				TARGETED_DEVICE_FAMILY = "1,2";
				TEST_HOST = "$(BUILT_PRODUCTS_DIR)/lanchita.app/$(BUNDLE_EXECUTABLE_FOLDER_PATH)/lanchita";
			};
			name = Release;
		};
		99B141F42B3B2AA400B9C82E /* Debug */ = {
			isa = XCBuildConfiguration;
			buildSettings = {
				ALWAYS_EMBED_SWIFT_STANDARD_LIBRARIES = YES;
				CODE_SIGN_STYLE = Automatic;
				CURRENT_PROJECT_VERSION = 1;
				DEVELOPMENT_TEAM = K3QS9MR4ZU;
				GENERATE_INFOPLIST_FILE = YES;
				IPHONEOS_DEPLOYMENT_TARGET = 17.0;
				MACOSX_DEPLOYMENT_TARGET = 14.0;
				MARKETING_VERSION = 1.0;
				PRODUCT_BUNDLE_IDENTIFIER = com.fortynine.lanchitaUITests;
				PRODUCT_NAME = "$(TARGET_NAME)";
				SDKROOT = auto;
				SUPPORTED_PLATFORMS = "iphoneos iphonesimulator macosx";
				SWIFT_EMIT_LOC_STRINGS = NO;
				SWIFT_VERSION = 5.0;
				TARGETED_DEVICE_FAMILY = "1,2";
				TEST_TARGET_NAME = lanchita;
			};
			name = Debug;
		};
		99B141F52B3B2AA400B9C82E /* Release */ = {
			isa = XCBuildConfiguration;
			buildSettings = {
				ALWAYS_EMBED_SWIFT_STANDARD_LIBRARIES = YES;
				CODE_SIGN_STYLE = Automatic;
				CURRENT_PROJECT_VERSION = 1;
				DEVELOPMENT_TEAM = K3QS9MR4ZU;
				GENERATE_INFOPLIST_FILE = YES;
				IPHONEOS_DEPLOYMENT_TARGET = 17.0;
				MACOSX_DEPLOYMENT_TARGET = 14.0;
				MARKETING_VERSION = 1.0;
				PRODUCT_BUNDLE_IDENTIFIER = com.fortynine.lanchitaUITests;
				PRODUCT_NAME = "$(TARGET_NAME)";
				SDKROOT = auto;
				SUPPORTED_PLATFORMS = "iphoneos iphonesimulator macosx";
				SWIFT_EMIT_LOC_STRINGS = NO;
				SWIFT_VERSION = 5.0;
				TARGETED_DEVICE_FAMILY = "1,2";
				TEST_TARGET_NAME = lanchita;
			};
			name = Release;
		};
/* End XCBuildConfiguration section */

/* Begin XCConfigurationList section */
		99B141C32B3B2AA200B9C82E /* Build configuration list for PBXProject "lanchita" */ = {
			isa = XCConfigurationList;
			buildConfigurations = (
				99B141EB2B3B2AA400B9C82E /* Debug */,
				99B141EC2B3B2AA400B9C82E /* Release */,
			);
			defaultConfigurationIsVisible = 0;
			defaultConfigurationName = Release;
		};
		99B141ED2B3B2AA400B9C82E /* Build configuration list for PBXNativeTarget "lanchita" */ = {
			isa = XCConfigurationList;
			buildConfigurations = (
				99B141EE2B3B2AA400B9C82E /* Debug */,
				99B141EF2B3B2AA400B9C82E /* Release */,
			);
			defaultConfigurationIsVisible = 0;
			defaultConfigurationName = Release;
		};
		99B141F02B3B2AA400B9C82E /* Build configuration list for PBXNativeTarget "lanchitaTests" */ = {
			isa = XCConfigurationList;
			buildConfigurations = (
				99B141F12B3B2AA400B9C82E /* Debug */,
				99B141F22B3B2AA400B9C82E /* Release */,
			);
			defaultConfigurationIsVisible = 0;
			defaultConfigurationName = Release;
		};
		99B141F32B3B2AA400B9C82E /* Build configuration list for PBXNativeTarget "lanchitaUITests" */ = {
			isa = XCConfigurationList;
			buildConfigurations = (
				99B141F42B3B2AA400B9C82E /* Debug */,
				99B141F52B3B2AA400B9C82E /* Release */,
			);
			defaultConfigurationIsVisible = 0;
			defaultConfigurationName = Release;
		};
/* End XCConfigurationList section */
	};
	rootObject = 99B141C02B3B2AA200B9C82E /* Project object */;
}
